
Microsoft Visual Studio Solution File, Format Version 12.00
# Visual Studio Version 17
VisualStudioVersion = 17.9.34714.143
MinimumVisualStudioVersion = 10.0.40219.1
Project("{8BC9CEB8-8B4A-11D0-8D11-00A0C91BC942}") = "wallPaperDemo", "wallPaperDemo\wallPaperDemo.vcxproj", "{F6D07BEE-993A-4883-A59F-DC0DB686564C}"
EndProject
Global
	GlobalSection(SolutionConfigurationPlatforms) = preSolution
		Debug|x64 = Debug|x64
		Release|x64 = Release|x64
	EndGlobalSection
	GlobalSection(ProjectConfigurationPlatforms) = postSolution
		{F6D07BEE-993A-4883-A59F-DC0DB686564C}.Debug|x64.ActiveCfg = Debug|x64
		{F6D07BEE-993A-4883-A59F-DC0DB686564C}.Debug|x64.Build.0 = Debug|x64
		{F6D07BEE-993A-4883-A59F-DC0DB686564C}.Release|x64.ActiveCfg = Release|x64
		{F6D07BEE-993A-4883-A59F-DC0DB686564C}.Release|x64.Build.0 = Release|x64
	EndGlobalSection
	GlobalSection(SolutionProperties) = preSolution
		HideSolutionNode = FALSE
	EndGlobalSection
	GlobalSection(ExtensibilityGlobals) = postSolution
		SolutionGuid = {07CEF51A-3C71-4B02-B3D4-498187D4501A}
	EndGlobalSection
EndGlobal
